
Microsoft Visual Studio Solution File, Format Version 12.00
# Visual Studio 15
VisualStudioVersion = 15.0.28307.438
MinimumVisualStudioVersion = 10.0.40219.1
Project("{FAE04EC0-301F-11D3-BF4B-00C04F79EFBC}") = "Ryan.WindowsPlatform", "Ryan.WindowsPlatform\Ryan.WindowsPlatform.csproj", "{4ABFAFDB-A7EA-4820-85FD-3BD84C6EE1AB}"
EndProject
Project("{FAE04EC0-301F-11D3-BF4B-00C04F79EFBC}") = "Ryan.Framework.DBUtility", "Ryan.Framework.DBUtility\Ryan.Framework.DBUtility.csproj", "{F06EB8BF-C60E-4C29-834A-238AFEB70F3D}"
EndProject
Project("{FAE04EC0-301F-11D3-BF4B-00C04F79EFBC}") = "Ryan.Framework.Config", "Ryan.Framework.Config\Ryan.Framework.Config.csproj", "{87A3A7AF-C820-4063-95C0-5FEDC4DEE228}"
EndProject
Project("{FAE04EC0-301F-11D3-BF4B-00C04F79EFBC}") = "Ryan.Framework.Common", "Ryan.Framework.Common\Ryan.Framework.Common.csproj", "{46D98007-DE2E-4C89-AA01-030741C85A5F}"
EndProject
Project("{FAE04EC0-301F-11D3-BF4B-00C04F79EFBC}") = "Ryan.Framework.AutoUpdate", "Ryan.Framework.AutoUpdate\Ryan.Framework.AutoUpdate.csproj", "{E12A1E8E-C46C-41C6-A624-B4F474A65683}"
EndProject
Project("{FAE04EC0-301F-11D3-BF4B-00C04F79EFBC}") = "Ryan.Framework.Encrypt", "Ryan.Framework.Encrypt\Ryan.Framework.Encrypt.csproj", "{B89488A3-8231-48CF-8416-4F46D9D156C0}"
EndProject
Project("{FAE04EC0-301F-11D3-BF4B-00C04F79EFBC}") = "Huali", "Huali\Huali.csproj", "{E2AA0934-CEDA-41A3-9C8D-928E535F715F}"
EndProject
Project("{FAE04EC0-301F-11D3-BF4B-00C04F79EFBC}") = "Huali.DS9208", "Huali.DS9208\Huali.DS9208.csproj", "{99756F42-C097-4BF8-BA53-F9F3EDA64501}"
EndProject
Project("{FAE04EC0-301F-11D3-BF4B-00C04F79EFBC}") = "Huali.DS9209", "Huali.DS9209\Huali.DS9209.csproj", "{11BE42A4-A50C-4EE7-BC71-5C462D333689}"
EndProject
Project("{FAE04EC0-301F-11D3-BF4B-00C04F79EFBC}") = "Huali.EDI", "Huali.EDI\Huali.EDI.csproj", "{608315F4-6941-472D-BD98-2C33F3DB0D6E}"
EndProject
Project("{FAE04EC0-301F-11D3-BF4B-00C04F79EFBC}") = "Huali.EDi2", "Huali.EDi2\Huali.EDi2.csproj", "{66E05230-F104-4DE6-B43E-E09166727D28}"
EndProject
Project("{FAE04EC0-301F-11D3-BF4B-00C04F79EFBC}") = "Huali.CheckMailState", "Huali.CheckMailState\Huali.CheckMailState.csproj", "{850845E1-CEF6-4F4B-9938-494126F361D2}"
EndProject
Project("{FAE04EC0-301F-11D3-BF4B-00C04F79EFBC}") = "Huali.Common", "Huali.Common\Huali.Common.csproj", "{43946455-1C59-4E61-B672-122F56FF1275}"
EndProject
Project("{FAE04EC0-301F-11D3-BF4B-00C04F79EFBC}") = "Ryan.Framework.Converter", "Ryan.Framework.Converter\Ryan.Framework.Converter.csproj", "{D8C29016-B835-4EED-BEB0-0144BE57C494}"
EndProject
Project("{FAE04EC0-301F-11D3-BF4B-00C04F79EFBC}") = "Aohua", "Aohua\Aohua.csproj", "{9427531A-DEF4-455A-AA1B-8894DE09557D}"
EndProject
Project("{FAE04EC0-301F-11D3-BF4B-00C04F79EFBC}") = "Youyi", "Youyi\Youyi.csproj", "{90F8205A-0255-479D-B648-9EEE9C96D552}"
EndProject
Global
	GlobalSection(SolutionConfigurationPlatforms) = preSolution
		Debug|Any CPU = Debug|Any CPU
		Release|Any CPU = Release|Any CPU
	EndGlobalSection
	GlobalSection(ProjectConfigurationPlatforms) = postSolution
		{4ABFAFDB-A7EA-4820-85FD-3BD84C6EE1AB}.Debug|Any CPU.ActiveCfg = Debug|Any CPU
		{4ABFAFDB-A7EA-4820-85FD-3BD84C6EE1AB}.Debug|Any CPU.Build.0 = Debug|Any CPU
		{4ABFAFDB-A7EA-4820-85FD-3BD84C6EE1AB}.Release|Any CPU.ActiveCfg = Release|Any CPU
		{4ABFAFDB-A7EA-4820-85FD-3BD84C6EE1AB}.Release|Any CPU.Build.0 = Release|Any CPU
		{F06EB8BF-C60E-4C29-834A-238AFEB70F3D}.Debug|Any CPU.ActiveCfg = Debug|Any CPU
		{F06EB8BF-C60E-4C29-834A-238AFEB70F3D}.Debug|Any CPU.Build.0 = Debug|Any CPU
		{F06EB8BF-C60E-4C29-834A-238AFEB70F3D}.Release|Any CPU.ActiveCfg = Release|Any CPU
		{F06EB8BF-C60E-4C29-834A-238AFEB70F3D}.Release|Any CPU.Build.0 = Release|Any CPU
		{87A3A7AF-C820-4063-95C0-5FEDC4DEE228}.Debug|Any CPU.ActiveCfg = Debug|Any CPU
		{87A3A7AF-C820-4063-95C0-5FEDC4DEE228}.Debug|Any CPU.Build.0 = Debug|Any CPU
		{87A3A7AF-C820-4063-95C0-5FEDC4DEE228}.Release|Any CPU.ActiveCfg = Release|Any CPU
		{87A3A7AF-C820-4063-95C0-5FEDC4DEE228}.Release|Any CPU.Build.0 = Release|Any CPU
		{46D98007-DE2E-4C89-AA01-030741C85A5F}.Debug|Any CPU.ActiveCfg = Debug|Any CPU
		{46D98007-DE2E-4C89-AA01-030741C85A5F}.Debug|Any CPU.Build.0 = Debug|Any CPU
		{46D98007-DE2E-4C89-AA01-030741C85A5F}.Release|Any CPU.ActiveCfg = Release|Any CPU
		{46D98007-DE2E-4C89-AA01-030741C85A5F}.Release|Any CPU.Build.0 = Release|Any CPU
		{E12A1E8E-C46C-41C6-A624-B4F474A65683}.Debug|Any CPU.ActiveCfg = Debug|Any CPU
		{E12A1E8E-C46C-41C6-A624-B4F474A65683}.Debug|Any CPU.Build.0 = Debug|Any CPU
		{E12A1E8E-C46C-41C6-A624-B4F474A65683}.Release|Any CPU.ActiveCfg = Release|Any CPU
		{E12A1E8E-C46C-41C6-A624-B4F474A65683}.Release|Any CPU.Build.0 = Release|Any CPU
		{B89488A3-8231-48CF-8416-4F46D9D156C0}.Debug|Any CPU.ActiveCfg = Debug|Any CPU
		{B89488A3-8231-48CF-8416-4F46D9D156C0}.Debug|Any CPU.Build.0 = Debug|Any CPU
		{B89488A3-8231-48CF-8416-4F46D9D156C0}.Release|Any CPU.ActiveCfg = Release|Any CPU
		{B89488A3-8231-48CF-8416-4F46D9D156C0}.Release|Any CPU.Build.0 = Release|Any CPU
		{E2AA0934-CEDA-41A3-9C8D-928E535F715F}.Debug|Any CPU.ActiveCfg = Debug|Any CPU
		{E2AA0934-CEDA-41A3-9C8D-928E535F715F}.Debug|Any CPU.Build.0 = Debug|Any CPU
		{E2AA0934-CEDA-41A3-9C8D-928E535F715F}.Release|Any CPU.ActiveCfg = Release|Any CPU
		{E2AA0934-CEDA-41A3-9C8D-928E535F715F}.Release|Any CPU.Build.0 = Release|Any CPU
		{99756F42-C097-4BF8-BA53-F9F3EDA64501}.Debug|Any CPU.ActiveCfg = Debug|Any CPU
		{99756F42-C097-4BF8-BA53-F9F3EDA64501}.Debug|Any CPU.Build.0 = Debug|Any CPU
		{99756F42-C097-4BF8-BA53-F9F3EDA64501}.Release|Any CPU.ActiveCfg = Release|Any CPU
		{99756F42-C097-4BF8-BA53-F9F3EDA64501}.Release|Any CPU.Build.0 = Release|Any CPU
		{11BE42A4-A50C-4EE7-BC71-5C462D333689}.Debug|Any CPU.ActiveCfg = Debug|Any CPU
		{11BE42A4-A50C-4EE7-BC71-5C462D333689}.Debug|Any CPU.Build.0 = Debug|Any CPU
		{11BE42A4-A50C-4EE7-BC71-5C462D333689}.Release|Any CPU.ActiveCfg = Release|Any CPU
		{11BE42A4-A50C-4EE7-BC71-5C462D333689}.Release|Any CPU.Build.0 = Release|Any CPU
		{608315F4-6941-472D-BD98-2C33F3DB0D6E}.Debug|Any CPU.ActiveCfg = Debug|Any CPU
		{608315F4-6941-472D-BD98-2C33F3DB0D6E}.Debug|Any CPU.Build.0 = Debug|Any CPU
		{608315F4-6941-472D-BD98-2C33F3DB0D6E}.Release|Any CPU.ActiveCfg = Release|Any CPU
		{608315F4-6941-472D-BD98-2C33F3DB0D6E}.Release|Any CPU.Build.0 = Release|Any CPU
		{66E05230-F104-4DE6-B43E-E09166727D28}.Debug|Any CPU.ActiveCfg = Debug|Any CPU
		{66E05230-F104-4DE6-B43E-E09166727D28}.Debug|Any CPU.Build.0 = Debug|Any CPU
		{66E05230-F104-4DE6-B43E-E09166727D28}.Release|Any CPU.ActiveCfg = Release|Any CPU
		{66E05230-F104-4DE6-B43E-E09166727D28}.Release|Any CPU.Build.0 = Release|Any CPU
		{850845E1-CEF6-4F4B-9938-494126F361D2}.Debug|Any CPU.ActiveCfg = Debug|Any CPU
		{850845E1-CEF6-4F4B-9938-494126F361D2}.Debug|Any CPU.Build.0 = Debug|Any CPU
		{850845E1-CEF6-4F4B-9938-494126F361D2}.Release|Any CPU.ActiveCfg = Release|Any CPU
		{850845E1-CEF6-4F4B-9938-494126F361D2}.Release|Any CPU.Build.0 = Release|Any CPU
		{43946455-1C59-4E61-B672-122F56FF1275}.Debug|Any CPU.ActiveCfg = Debug|Any CPU
		{43946455-1C59-4E61-B672-122F56FF1275}.Debug|Any CPU.Build.0 = Debug|Any CPU
		{43946455-1C59-4E61-B672-122F56FF1275}.Release|Any CPU.ActiveCfg = Release|Any CPU
		{43946455-1C59-4E61-B672-122F56FF1275}.Release|Any CPU.Build.0 = Release|Any CPU
		{D8C29016-B835-4EED-BEB0-0144BE57C494}.Debug|Any CPU.ActiveCfg = Debug|Any CPU
		{D8C29016-B835-4EED-BEB0-0144BE57C494}.Debug|Any CPU.Build.0 = Debug|Any CPU
		{D8C29016-B835-4EED-BEB0-0144BE57C494}.Release|Any CPU.ActiveCfg = Release|Any CPU
		{D8C29016-B835-4EED-BEB0-0144BE57C494}.Release|Any CPU.Build.0 = Release|Any CPU
		{9427531A-DEF4-455A-AA1B-8894DE09557D}.Debug|Any CPU.ActiveCfg = Debug|Any CPU
		{9427531A-DEF4-455A-AA1B-8894DE09557D}.Debug|Any CPU.Build.0 = Debug|Any CPU
		{9427531A-DEF4-455A-AA1B-8894DE09557D}.Release|Any CPU.ActiveCfg = Release|Any CPU
		{9427531A-DEF4-455A-AA1B-8894DE09557D}.Release|Any CPU.Build.0 = Release|Any CPU
		{90F8205A-0255-479D-B648-9EEE9C96D552}.Debug|Any CPU.ActiveCfg = Debug|Any CPU
		{90F8205A-0255-479D-B648-9EEE9C96D552}.Debug|Any CPU.Build.0 = Debug|Any CPU
		{90F8205A-0255-479D-B648-9EEE9C96D552}.Release|Any CPU.ActiveCfg = Release|Any CPU
		{90F8205A-0255-479D-B648-9EEE9C96D552}.Release|Any CPU.Build.0 = Release|Any CPU
	EndGlobalSection
	GlobalSection(SolutionProperties) = preSolution
		HideSolutionNode = FALSE
	EndGlobalSection
	GlobalSection(ExtensibilityGlobals) = postSolution
		SolutionGuid = {23865F68-D41F-4BD8-9EDC-CF3C22D34156}
	EndGlobalSection
EndGlobal
